// !$*UTF8*$!
{
	archiveVersion = 1;
	classes = {
	};
	objectVersion = 56;
	objects = {

/* Begin PBXBuildFile section */
		0A7EE45666F5BF238D9B9D0E /* Pods_certificates_ios_client_certificates_ios_clientUITests.framework in Frameworks */ = {isa = PBXBuildFile; fileRef = BE698D0CCDA3BC20013ECB33 /* Pods_certificates_ios_client_certificates_ios_clientUITests.framework */; };
		2AF1C86B3DE330C43462FDCE /* Pods_certificates_ios_client.framework in Frameworks */ = {isa = PBXBuildFile; fileRef = 98A7F7C23DB654221871803B /* Pods_certificates_ios_client.framework */; };
		50EA098AB6DCEAB7BA209010 /* Pods_certificates_ios_clientTests.framework in Frameworks */ = {isa = PBXBuildFile; fileRef = DA722E27E877DA1B7C959B9A /* Pods_certificates_ios_clientTests.framework */; };
		8402E5E22A0BC44C00EA17A3 /* Ginóra-Sans-Bold.otf in Resources */ = {isa = PBXBuildFile; fileRef = 8402E5E12A0BC44C00EA17A3 /* Ginóra-Sans-Bold.otf */; };
		8402E5E32A0BC44C00EA17A3 /* Ginóra-Sans-Bold.otf in Resources */ = {isa = PBXBuildFile; fileRef = 8402E5E12A0BC44C00EA17A3 /* Ginóra-Sans-Bold.otf */; };
		8402E5E42A0BC44C00EA17A3 /* Ginóra-Sans-Bold.otf in Resources */ = {isa = PBXBuildFile; fileRef = 8402E5E12A0BC44C00EA17A3 /* Ginóra-Sans-Bold.otf */; };
		8402E5E72A0BD11700EA17A3 /* HomeScreenTableViewDataSource.swift in Sources */ = {isa = PBXBuildFile; fileRef = 8402E5E62A0BD11700EA17A3 /* HomeScreenTableViewDataSource.swift */; };
		8402E5E82A0BD11700EA17A3 /* HomeScreenTableViewDataSource.swift in Sources */ = {isa = PBXBuildFile; fileRef = 8402E5E62A0BD11700EA17A3 /* HomeScreenTableViewDataSource.swift */; };
		8402E5E92A0BD11700EA17A3 /* HomeScreenTableViewDataSource.swift in Sources */ = {isa = PBXBuildFile; fileRef = 8402E5E62A0BD11700EA17A3 /* HomeScreenTableViewDataSource.swift */; };
		8402E5EC2A0BD61E00EA17A3 /* ActionTableViewCell.swift in Sources */ = {isa = PBXBuildFile; fileRef = 8402E5EB2A0BD61E00EA17A3 /* ActionTableViewCell.swift */; };
		8402E5EE2A0BD67900EA17A3 /* UITableViewCell + Identifier.swift in Sources */ = {isa = PBXBuildFile; fileRef = 8402E5ED2A0BD67900EA17A3 /* UITableViewCell + Identifier.swift */; };
		8402E5F12A0BE0D900EA17A3 /* Images.swift in Sources */ = {isa = PBXBuildFile; fileRef = 8402E5F02A0BE0D900EA17A3 /* Images.swift */; };
		8407A2A02A127A82000A3EC4 /* QrData.swift in Sources */ = {isa = PBXBuildFile; fileRef = 8407A29F2A127A82000A3EC4 /* QrData.swift */; };
		8407A2A32A127CE7000A3EC4 /* SmthWentWrongScreenModel.swift in Sources */ = {isa = PBXBuildFile; fileRef = 8407A2A22A127CE7000A3EC4 /* SmthWentWrongScreenModel.swift */; };
		8407A2A52A127D09000A3EC4 /* SmthWentWrongScreenViewModel.swift in Sources */ = {isa = PBXBuildFile; fileRef = 8407A2A42A127D09000A3EC4 /* SmthWentWrongScreenViewModel.swift */; };
		8407A2A72A127D17000A3EC4 /* SmthWentWrongScreenCoordinator.swift in Sources */ = {isa = PBXBuildFile; fileRef = 8407A2A62A127D17000A3EC4 /* SmthWentWrongScreenCoordinator.swift */; };
		8407A2A92A127D2A000A3EC4 /* SmthWentWrongScreenViewController.swift in Sources */ = {isa = PBXBuildFile; fileRef = 8407A2A82A127D2A000A3EC4 /* SmthWentWrongScreenViewController.swift */; };
		8407A2AB2A1294BF000A3EC4 /* FindCoordinatorManager .swift in Sources */ = {isa = PBXBuildFile; fileRef = 8407A2AA2A1294BF000A3EC4 /* FindCoordinatorManager .swift */; };
		8407A2AE2A137730000A3EC4 /* ApiClient.swift in Sources */ = {isa = PBXBuildFile; fileRef = 8407A2AD2A137730000A3EC4 /* ApiClient.swift */; };
		8407A2B02A13CF39000A3EC4 /* Certificate.swift in Sources */ = {isa = PBXBuildFile; fileRef = 8407A2AF2A13CF39000A3EC4 /* Certificate.swift */; };
		8446F38F2A0E84C500F32C7F /* QrScreenViewModel.swift in Sources */ = {isa = PBXBuildFile; fileRef = 8446F38E2A0E84C500F32C7F /* QrScreenViewModel.swift */; };
		8446F3912A0E84EC00F32C7F /* QrScreenModel.swift in Sources */ = {isa = PBXBuildFile; fileRef = 8446F3902A0E84EC00F32C7F /* QrScreenModel.swift */; };
		8446F3932A0E84FE00F32C7F /* QrScreenCoordinator.swift in Sources */ = {isa = PBXBuildFile; fileRef = 8446F3922A0E84FE00F32C7F /* QrScreenCoordinator.swift */; };
		8446F3952A0E851300F32C7F /* QrScreenViewController.swift in Sources */ = {isa = PBXBuildFile; fileRef = 8446F3942A0E851300F32C7F /* QrScreenViewController.swift */; };
		8453A39E2A0A7EC100EDB553 /* AppDelegate.swift in Sources */ = {isa = PBXBuildFile; fileRef = 8453A39D2A0A7EC100EDB553 /* AppDelegate.swift */; };
		8453A3A02A0A7EC100EDB553 /* SceneDelegate.swift in Sources */ = {isa = PBXBuildFile; fileRef = 8453A39F2A0A7EC100EDB553 /* SceneDelegate.swift */; };
		8453A3A22A0A7EC100EDB553 /* HomeScreenViewController.swift in Sources */ = {isa = PBXBuildFile; fileRef = 8453A3A12A0A7EC100EDB553 /* HomeScreenViewController.swift */; };
		8453A3A72A0A7EC300EDB553 /* Assets.xcassets in Resources */ = {isa = PBXBuildFile; fileRef = 8453A3A62A0A7EC300EDB553 /* Assets.xcassets */; };
		8453A3B52A0A7EC300EDB553 /* certificates_ios_clientTests.swift in Sources */ = {isa = PBXBuildFile; fileRef = 8453A3B42A0A7EC300EDB553 /* certificates_ios_clientTests.swift */; };
		8453A3BF2A0A7EC300EDB553 /* certificates_ios_clientUITests.swift in Sources */ = {isa = PBXBuildFile; fileRef = 8453A3BE2A0A7EC300EDB553 /* certificates_ios_clientUITests.swift */; };
		8453A3C12A0A7EC300EDB553 /* certificates_ios_clientUITestsLaunchTests.swift in Sources */ = {isa = PBXBuildFile; fileRef = 8453A3C02A0A7EC300EDB553 /* certificates_ios_clientUITestsLaunchTests.swift */; };
		8453A3CE2A0A7F7400EDB553 /* Launch Screen.storyboard in Resources */ = {isa = PBXBuildFile; fileRef = 8453A3CD2A0A7F7400EDB553 /* Launch Screen.storyboard */; };
		8453A3D02A0A801F00EDB553 /* Coordinator.swift in Sources */ = {isa = PBXBuildFile; fileRef = 8453A3CF2A0A801F00EDB553 /* Coordinator.swift */; };
		8453A3D62A0A812F00EDB553 /* AppCoordinator.swift in Sources */ = {isa = PBXBuildFile; fileRef = 8453A3D52A0A812F00EDB553 /* AppCoordinator.swift */; };
		8453A3D82A0A81E300EDB553 /* HomeScreenViewModel.swift in Sources */ = {isa = PBXBuildFile; fileRef = 8453A3D72A0A81E300EDB553 /* HomeScreenViewModel.swift */; };
		8453A3DA2A0A81EE00EDB553 /* HomeScreenModel.swift in Sources */ = {isa = PBXBuildFile; fileRef = 8453A3D92A0A81EE00EDB553 /* HomeScreenModel.swift */; };
		8453A3DC2A0A81FA00EDB553 /* HomeScreenCoordinator.swift in Sources */ = {isa = PBXBuildFile; fileRef = 8453A3DB2A0A81FA00EDB553 /* HomeScreenCoordinator.swift */; };
		8453A3DF2A0A84CB00EDB553 /* ServiceManager.swift in Sources */ = {isa = PBXBuildFile; fileRef = 8453A3DE2A0A84CB00EDB553 /* ServiceManager.swift */; };
		8453A3E12A0A869700EDB553 /* TabBarCoordinator.swift in Sources */ = {isa = PBXBuildFile; fileRef = 8453A3E02A0A869700EDB553 /* TabBarCoordinator.swift */; };
		8453A3E32A0A878200EDB553 /* BaseTabBarController.swift in Sources */ = {isa = PBXBuildFile; fileRef = 8453A3E22A0A878200EDB553 /* BaseTabBarController.swift */; };
		8453A3E82A0B9FA600EDB553 /* ApplicationColors.swift in Sources */ = {isa = PBXBuildFile; fileRef = 8453A3E72A0B9FA600EDB553 /* ApplicationColors.swift */; };
		8453A3EB2A0BA0BA00EDB553 /* UIColor+hexString.swift in Sources */ = {isa = PBXBuildFile; fileRef = 8453A3EA2A0BA0BA00EDB553 /* UIColor+hexString.swift */; };
		8453A3EE2A0BA2C900EDB553 /* ApplicationFonts.swift in Sources */ = {isa = PBXBuildFile; fileRef = 8453A3ED2A0BA2C900EDB553 /* ApplicationFonts.swift */; };
		8453A3F02A0BAA9D00EDB553 /* NTSomic-Medium.ttf in Resources */ = {isa = PBXBuildFile; fileRef = 8453A3EF2A0BAA9D00EDB553 /* NTSomic-Medium.ttf */; };
		8453A3F12A0BAA9D00EDB553 /* NTSomic-Medium.ttf in Resources */ = {isa = PBXBuildFile; fileRef = 8453A3EF2A0BAA9D00EDB553 /* NTSomic-Medium.ttf */; };
		8453A3F22A0BAA9D00EDB553 /* NTSomic-Medium.ttf in Resources */ = {isa = PBXBuildFile; fileRef = 8453A3EF2A0BAA9D00EDB553 /* NTSomic-Medium.ttf */; };
		8453A3F42A0BAAAC00EDB553 /* NTSomic-Regular.ttf in Resources */ = {isa = PBXBuildFile; fileRef = 8453A3F32A0BAAAC00EDB553 /* NTSomic-Regular.ttf */; };
		8453A3F52A0BAAAC00EDB553 /* NTSomic-Regular.ttf in Resources */ = {isa = PBXBuildFile; fileRef = 8453A3F32A0BAAAC00EDB553 /* NTSomic-Regular.ttf */; };
		8453A3F62A0BAAAC00EDB553 /* NTSomic-Regular.ttf in Resources */ = {isa = PBXBuildFile; fileRef = 8453A3F32A0BAAAC00EDB553 /* NTSomic-Regular.ttf */; };
		8453A3FA2A0BAC6D00EDB553 /* Inter-Regular.ttf in Resources */ = {isa = PBXBuildFile; fileRef = 8453A3F72A0BAC6C00EDB553 /* Inter-Regular.ttf */; };
		8453A3FB2A0BAC6D00EDB553 /* Inter-Regular.ttf in Resources */ = {isa = PBXBuildFile; fileRef = 8453A3F72A0BAC6C00EDB553 /* Inter-Regular.ttf */; };
		8453A3FC2A0BAC6D00EDB553 /* Inter-Regular.ttf in Resources */ = {isa = PBXBuildFile; fileRef = 8453A3F72A0BAC6C00EDB553 /* Inter-Regular.ttf */; };
		8453A3FD2A0BAC6D00EDB553 /* Inter-Medium.ttf in Resources */ = {isa = PBXBuildFile; fileRef = 8453A3F82A0BAC6D00EDB553 /* Inter-Medium.ttf */; };
		8453A3FE2A0BAC6D00EDB553 /* Inter-Medium.ttf in Resources */ = {isa = PBXBuildFile; fileRef = 8453A3F82A0BAC6D00EDB553 /* Inter-Medium.ttf */; };
		8453A3FF2A0BAC6D00EDB553 /* Inter-Medium.ttf in Resources */ = {isa = PBXBuildFile; fileRef = 8453A3F82A0BAC6D00EDB553 /* Inter-Medium.ttf */; };
		8453A4002A0BAC6D00EDB553 /* Inter-SemiBold.ttf in Resources */ = {isa = PBXBuildFile; fileRef = 8453A3F92A0BAC6D00EDB553 /* Inter-SemiBold.ttf */; };
		8453A4012A0BAC6D00EDB553 /* Inter-SemiBold.ttf in Resources */ = {isa = PBXBuildFile; fileRef = 8453A3F92A0BAC6D00EDB553 /* Inter-SemiBold.ttf */; };
		8453A4022A0BAC6D00EDB553 /* Inter-SemiBold.ttf in Resources */ = {isa = PBXBuildFile; fileRef = 8453A3F92A0BAC6D00EDB553 /* Inter-SemiBold.ttf */; };
		8453A4062A0BB01F00EDB553 /* ConfirmButton.swift in Sources */ = {isa = PBXBuildFile; fileRef = 8453A4052A0BB01F00EDB553 /* ConfirmButton.swift */; };
		846BC7062A12393A0083D844 /* secp256k1 in Frameworks */ = {isa = PBXBuildFile; productRef = 846BC7052A12393A0083D844 /* secp256k1 */; };
		846BC7092A12654D0083D844 /* LoaderScreenViewModel.swift in Sources */ = {isa = PBXBuildFile; fileRef = 846BC7082A12654D0083D844 /* LoaderScreenViewModel.swift */; };
		846BC70B2A12655B0083D844 /* LoaderScreenModel.swift in Sources */ = {isa = PBXBuildFile; fileRef = 846BC70A2A12655B0083D844 /* LoaderScreenModel.swift */; };
		846BC70D2A1265660083D844 /* LoaderScreenCoordinator.swift in Sources */ = {isa = PBXBuildFile; fileRef = 846BC70C2A1265660083D844 /* LoaderScreenCoordinator.swift */; };
		846BC70F2A1265730083D844 /* LoaderScreenViewController.swift in Sources */ = {isa = PBXBuildFile; fileRef = 846BC70E2A1265730083D844 /* LoaderScreenViewController.swift */; };
		846BC7122A1267450083D844 /* loading_animation.json in Resources */ = {isa = PBXBuildFile; fileRef = 846BC7112A1267450083D844 /* loading_animation.json */; };
/* End PBXBuildFile section */

/* Begin PBXContainerItemProxy section */
		8453A3B12A0A7EC300EDB553 /* PBXContainerItemProxy */ = {
			isa = PBXContainerItemProxy;
			containerPortal = 8453A3922A0A7EC100EDB553 /* Project object */;
			proxyType = 1;
			remoteGlobalIDString = 8453A3992A0A7EC100EDB553;
			remoteInfo = "certificates-ios-client";
		};
		8453A3BB2A0A7EC300EDB553 /* PBXContainerItemProxy */ = {
			isa = PBXContainerItemProxy;
			containerPortal = 8453A3922A0A7EC100EDB553 /* Project object */;
			proxyType = 1;
			remoteGlobalIDString = 8453A3992A0A7EC100EDB553;
			remoteInfo = "certificates-ios-client";
		};
/* End PBXContainerItemProxy section */

/* Begin PBXFileReference section */
		55396353DC87119EB5D75B77 /* Pods-certificates-ios-client.debug.xcconfig */ = {isa = PBXFileReference; includeInIndex = 1; lastKnownFileType = text.xcconfig; name = "Pods-certificates-ios-client.debug.xcconfig"; path = "Target Support Files/Pods-certificates-ios-client/Pods-certificates-ios-client.debug.xcconfig"; sourceTree = "<group>"; };
		8402E5E12A0BC44C00EA17A3 /* Ginóra-Sans-Bold.otf */ = {isa = PBXFileReference; lastKnownFileType = file; path = "Ginóra-Sans-Bold.otf"; sourceTree = "<group>"; };
		8402E5E62A0BD11700EA17A3 /* HomeScreenTableViewDataSource.swift */ = {isa = PBXFileReference; lastKnownFileType = sourcecode.swift; path = HomeScreenTableViewDataSource.swift; sourceTree = "<group>"; };
		8402E5EB2A0BD61E00EA17A3 /* ActionTableViewCell.swift */ = {isa = PBXFileReference; lastKnownFileType = sourcecode.swift; path = ActionTableViewCell.swift; sourceTree = "<group>"; };
		8402E5ED2A0BD67900EA17A3 /* UITableViewCell + Identifier.swift */ = {isa = PBXFileReference; lastKnownFileType = sourcecode.swift; path = "UITableViewCell + Identifier.swift"; sourceTree = "<group>"; };
		8402E5F02A0BE0D900EA17A3 /* Images.swift */ = {isa = PBXFileReference; lastKnownFileType = sourcecode.swift; path = Images.swift; sourceTree = "<group>"; };
		8407A29F2A127A82000A3EC4 /* QrData.swift */ = {isa = PBXFileReference; lastKnownFileType = sourcecode.swift; path = QrData.swift; sourceTree = "<group>"; };
		8407A2A22A127CE7000A3EC4 /* SmthWentWrongScreenModel.swift */ = {isa = PBXFileReference; lastKnownFileType = sourcecode.swift; path = SmthWentWrongScreenModel.swift; sourceTree = "<group>"; };
		8407A2A42A127D09000A3EC4 /* SmthWentWrongScreenViewModel.swift */ = {isa = PBXFileReference; lastKnownFileType = sourcecode.swift; path = SmthWentWrongScreenViewModel.swift; sourceTree = "<group>"; };
		8407A2A62A127D17000A3EC4 /* SmthWentWrongScreenCoordinator.swift */ = {isa = PBXFileReference; lastKnownFileType = sourcecode.swift; path = SmthWentWrongScreenCoordinator.swift; sourceTree = "<group>"; };
		8407A2A82A127D2A000A3EC4 /* SmthWentWrongScreenViewController.swift */ = {isa = PBXFileReference; lastKnownFileType = sourcecode.swift; path = SmthWentWrongScreenViewController.swift; sourceTree = "<group>"; };
		8407A2AA2A1294BF000A3EC4 /* FindCoordinatorManager .swift */ = {isa = PBXFileReference; lastKnownFileType = sourcecode.swift; path = "FindCoordinatorManager .swift"; sourceTree = "<group>"; };
		8407A2AD2A137730000A3EC4 /* ApiClient.swift */ = {isa = PBXFileReference; lastKnownFileType = sourcecode.swift; path = ApiClient.swift; sourceTree = "<group>"; };
		8407A2AF2A13CF39000A3EC4 /* Certificate.swift */ = {isa = PBXFileReference; lastKnownFileType = sourcecode.swift; path = Certificate.swift; sourceTree = "<group>"; };
		8446F38E2A0E84C500F32C7F /* QrScreenViewModel.swift */ = {isa = PBXFileReference; lastKnownFileType = sourcecode.swift; path = QrScreenViewModel.swift; sourceTree = "<group>"; };
		8446F3902A0E84EC00F32C7F /* QrScreenModel.swift */ = {isa = PBXFileReference; lastKnownFileType = sourcecode.swift; path = QrScreenModel.swift; sourceTree = "<group>"; };
		8446F3922A0E84FE00F32C7F /* QrScreenCoordinator.swift */ = {isa = PBXFileReference; lastKnownFileType = sourcecode.swift; path = QrScreenCoordinator.swift; sourceTree = "<group>"; };
		8446F3942A0E851300F32C7F /* QrScreenViewController.swift */ = {isa = PBXFileReference; lastKnownFileType = sourcecode.swift; path = QrScreenViewController.swift; sourceTree = "<group>"; };
		8453A39A2A0A7EC100EDB553 /* certificates-ios-client.app */ = {isa = PBXFileReference; explicitFileType = wrapper.application; includeInIndex = 0; path = "certificates-ios-client.app"; sourceTree = BUILT_PRODUCTS_DIR; };
		8453A39D2A0A7EC100EDB553 /* AppDelegate.swift */ = {isa = PBXFileReference; lastKnownFileType = sourcecode.swift; path = AppDelegate.swift; sourceTree = "<group>"; };
		8453A39F2A0A7EC100EDB553 /* SceneDelegate.swift */ = {isa = PBXFileReference; lastKnownFileType = sourcecode.swift; path = SceneDelegate.swift; sourceTree = "<group>"; };
		8453A3A12A0A7EC100EDB553 /* HomeScreenViewController.swift */ = {isa = PBXFileReference; lastKnownFileType = sourcecode.swift; path = HomeScreenViewController.swift; sourceTree = "<group>"; };
		8453A3A62A0A7EC300EDB553 /* Assets.xcassets */ = {isa = PBXFileReference; lastKnownFileType = folder.assetcatalog; path = Assets.xcassets; sourceTree = "<group>"; };
		8453A3AB2A0A7EC300EDB553 /* Info.plist */ = {isa = PBXFileReference; lastKnownFileType = text.plist.xml; path = Info.plist; sourceTree = "<group>"; };
		8453A3B02A0A7EC300EDB553 /* certificates-ios-clientTests.xctest */ = {isa = PBXFileReference; explicitFileType = wrapper.cfbundle; includeInIndex = 0; path = "certificates-ios-clientTests.xctest"; sourceTree = BUILT_PRODUCTS_DIR; };
		8453A3B42A0A7EC300EDB553 /* certificates_ios_clientTests.swift */ = {isa = PBXFileReference; lastKnownFileType = sourcecode.swift; path = certificates_ios_clientTests.swift; sourceTree = "<group>"; };
		8453A3BA2A0A7EC300EDB553 /* certificates-ios-clientUITests.xctest */ = {isa = PBXFileReference; explicitFileType = wrapper.cfbundle; includeInIndex = 0; path = "certificates-ios-clientUITests.xctest"; sourceTree = BUILT_PRODUCTS_DIR; };
		8453A3BE2A0A7EC300EDB553 /* certificates_ios_clientUITests.swift */ = {isa = PBXFileReference; lastKnownFileType = sourcecode.swift; path = certificates_ios_clientUITests.swift; sourceTree = "<group>"; };
		8453A3C02A0A7EC300EDB553 /* certificates_ios_clientUITestsLaunchTests.swift */ = {isa = PBXFileReference; lastKnownFileType = sourcecode.swift; path = certificates_ios_clientUITestsLaunchTests.swift; sourceTree = "<group>"; };
		8453A3CD2A0A7F7400EDB553 /* Launch Screen.storyboard */ = {isa = PBXFileReference; lastKnownFileType = file.storyboard; path = "Launch Screen.storyboard"; sourceTree = "<group>"; };
		8453A3CF2A0A801F00EDB553 /* Coordinator.swift */ = {isa = PBXFileReference; lastKnownFileType = sourcecode.swift; path = Coordinator.swift; sourceTree = "<group>"; };
		8453A3D52A0A812F00EDB553 /* AppCoordinator.swift */ = {isa = PBXFileReference; lastKnownFileType = sourcecode.swift; path = AppCoordinator.swift; sourceTree = "<group>"; };
		8453A3D72A0A81E300EDB553 /* HomeScreenViewModel.swift */ = {isa = PBXFileReference; lastKnownFileType = sourcecode.swift; path = HomeScreenViewModel.swift; sourceTree = "<group>"; };
		8453A3D92A0A81EE00EDB553 /* HomeScreenModel.swift */ = {isa = PBXFileReference; lastKnownFileType = sourcecode.swift; path = HomeScreenModel.swift; sourceTree = "<group>"; };
		8453A3DB2A0A81FA00EDB553 /* HomeScreenCoordinator.swift */ = {isa = PBXFileReference; lastKnownFileType = sourcecode.swift; path = HomeScreenCoordinator.swift; sourceTree = "<group>"; };
		8453A3DE2A0A84CB00EDB553 /* ServiceManager.swift */ = {isa = PBXFileReference; lastKnownFileType = sourcecode.swift; path = ServiceManager.swift; sourceTree = "<group>"; };
		8453A3E02A0A869700EDB553 /* TabBarCoordinator.swift */ = {isa = PBXFileReference; lastKnownFileType = sourcecode.swift; path = TabBarCoordinator.swift; sourceTree = "<group>"; };
		8453A3E22A0A878200EDB553 /* BaseTabBarController.swift */ = {isa = PBXFileReference; lastKnownFileType = sourcecode.swift; path = BaseTabBarController.swift; sourceTree = "<group>"; };
		8453A3E72A0B9FA600EDB553 /* ApplicationColors.swift */ = {isa = PBXFileReference; lastKnownFileType = sourcecode.swift; path = ApplicationColors.swift; sourceTree = "<group>"; };
		8453A3EA2A0BA0BA00EDB553 /* UIColor+hexString.swift */ = {isa = PBXFileReference; lastKnownFileType = sourcecode.swift; path = "UIColor+hexString.swift"; sourceTree = "<group>"; };
		8453A3ED2A0BA2C900EDB553 /* ApplicationFonts.swift */ = {isa = PBXFileReference; lastKnownFileType = sourcecode.swift; path = ApplicationFonts.swift; sourceTree = "<group>"; };
		8453A3EF2A0BAA9D00EDB553 /* NTSomic-Medium.ttf */ = {isa = PBXFileReference; lastKnownFileType = file; path = "NTSomic-Medium.ttf"; sourceTree = "<group>"; };
		8453A3F32A0BAAAC00EDB553 /* NTSomic-Regular.ttf */ = {isa = PBXFileReference; lastKnownFileType = file; path = "NTSomic-Regular.ttf"; sourceTree = "<group>"; };
		8453A3F72A0BAC6C00EDB553 /* Inter-Regular.ttf */ = {isa = PBXFileReference; lastKnownFileType = file; path = "Inter-Regular.ttf"; sourceTree = "<group>"; };
		8453A3F82A0BAC6D00EDB553 /* Inter-Medium.ttf */ = {isa = PBXFileReference; lastKnownFileType = file; path = "Inter-Medium.ttf"; sourceTree = "<group>"; };
		8453A3F92A0BAC6D00EDB553 /* Inter-SemiBold.ttf */ = {isa = PBXFileReference; lastKnownFileType = file; path = "Inter-SemiBold.ttf"; sourceTree = "<group>"; };
		8453A4052A0BB01F00EDB553 /* ConfirmButton.swift */ = {isa = PBXFileReference; lastKnownFileType = sourcecode.swift; path = ConfirmButton.swift; sourceTree = "<group>"; };
		846BC7082A12654D0083D844 /* LoaderScreenViewModel.swift */ = {isa = PBXFileReference; lastKnownFileType = sourcecode.swift; path = LoaderScreenViewModel.swift; sourceTree = "<group>"; };
		846BC70A2A12655B0083D844 /* LoaderScreenModel.swift */ = {isa = PBXFileReference; lastKnownFileType = sourcecode.swift; path = LoaderScreenModel.swift; sourceTree = "<group>"; };
		846BC70C2A1265660083D844 /* LoaderScreenCoordinator.swift */ = {isa = PBXFileReference; lastKnownFileType = sourcecode.swift; path = LoaderScreenCoordinator.swift; sourceTree = "<group>"; };
		846BC70E2A1265730083D844 /* LoaderScreenViewController.swift */ = {isa = PBXFileReference; lastKnownFileType = sourcecode.swift; path = LoaderScreenViewController.swift; sourceTree = "<group>"; };
		846BC7112A1267450083D844 /* loading_animation.json */ = {isa = PBXFileReference; fileEncoding = 4; lastKnownFileType = text.json; path = loading_animation.json; sourceTree = "<group>"; };
		8FDFCAC83AE5AA3E7C1DBB8C /* Pods-certificates-ios-client-certificates-ios-clientUITests.debug.xcconfig */ = {isa = PBXFileReference; includeInIndex = 1; lastKnownFileType = text.xcconfig; name = "Pods-certificates-ios-client-certificates-ios-clientUITests.debug.xcconfig"; path = "Target Support Files/Pods-certificates-ios-client-certificates-ios-clientUITests/Pods-certificates-ios-client-certificates-ios-clientUITests.debug.xcconfig"; sourceTree = "<group>"; };
		98A7F7C23DB654221871803B /* Pods_certificates_ios_client.framework */ = {isa = PBXFileReference; explicitFileType = wrapper.framework; includeInIndex = 0; path = Pods_certificates_ios_client.framework; sourceTree = BUILT_PRODUCTS_DIR; };
		9EA08D3549A49B516956FAB3 /* Pods-certificates-ios-clientTests.debug.xcconfig */ = {isa = PBXFileReference; includeInIndex = 1; lastKnownFileType = text.xcconfig; name = "Pods-certificates-ios-clientTests.debug.xcconfig"; path = "Target Support Files/Pods-certificates-ios-clientTests/Pods-certificates-ios-clientTests.debug.xcconfig"; sourceTree = "<group>"; };
		AA3E425104FF23822C2F2272 /* Pods-certificates-ios-client.release.xcconfig */ = {isa = PBXFileReference; includeInIndex = 1; lastKnownFileType = text.xcconfig; name = "Pods-certificates-ios-client.release.xcconfig"; path = "Target Support Files/Pods-certificates-ios-client/Pods-certificates-ios-client.release.xcconfig"; sourceTree = "<group>"; };
		BE698D0CCDA3BC20013ECB33 /* Pods_certificates_ios_client_certificates_ios_clientUITests.framework */ = {isa = PBXFileReference; explicitFileType = wrapper.framework; includeInIndex = 0; path = Pods_certificates_ios_client_certificates_ios_clientUITests.framework; sourceTree = BUILT_PRODUCTS_DIR; };
		C185951A8C00C82E97616FD5 /* Pods-certificates-ios-clientTests.release.xcconfig */ = {isa = PBXFileReference; includeInIndex = 1; lastKnownFileType = text.xcconfig; name = "Pods-certificates-ios-clientTests.release.xcconfig"; path = "Target Support Files/Pods-certificates-ios-clientTests/Pods-certificates-ios-clientTests.release.xcconfig"; sourceTree = "<group>"; };
		DA722E27E877DA1B7C959B9A /* Pods_certificates_ios_clientTests.framework */ = {isa = PBXFileReference; explicitFileType = wrapper.framework; includeInIndex = 0; path = Pods_certificates_ios_clientTests.framework; sourceTree = BUILT_PRODUCTS_DIR; };
		E1B0D8E9A061AAC9226047C5 /* Pods-certificates-ios-client-certificates-ios-clientUITests.release.xcconfig */ = {isa = PBXFileReference; includeInIndex = 1; lastKnownFileType = text.xcconfig; name = "Pods-certificates-ios-client-certificates-ios-clientUITests.release.xcconfig"; path = "Target Support Files/Pods-certificates-ios-client-certificates-ios-clientUITests/Pods-certificates-ios-client-certificates-ios-clientUITests.release.xcconfig"; sourceTree = "<group>"; };
/* End PBXFileReference section */

/* Begin PBXFrameworksBuildPhase section */
		8453A3972A0A7EC100EDB553 /* Frameworks */ = {
			isa = PBXFrameworksBuildPhase;
			buildActionMask = 2147483647;
			files = (
				846BC7062A12393A0083D844 /* secp256k1 in Frameworks */,
				2AF1C86B3DE330C43462FDCE /* Pods_certificates_ios_client.framework in Frameworks */,
			);
			runOnlyForDeploymentPostprocessing = 0;
		};
		8453A3AD2A0A7EC300EDB553 /* Frameworks */ = {
			isa = PBXFrameworksBuildPhase;
			buildActionMask = 2147483647;
			files = (
				50EA098AB6DCEAB7BA209010 /* Pods_certificates_ios_clientTests.framework in Frameworks */,
			);
			runOnlyForDeploymentPostprocessing = 0;
		};
		8453A3B72A0A7EC300EDB553 /* Frameworks */ = {
			isa = PBXFrameworksBuildPhase;
			buildActionMask = 2147483647;
			files = (
				0A7EE45666F5BF238D9B9D0E /* Pods_certificates_ios_client_certificates_ios_clientUITests.framework in Frameworks */,
			);
			runOnlyForDeploymentPostprocessing = 0;
		};
/* End PBXFrameworksBuildPhase section */

/* Begin PBXGroup section */
		8402E5E02A0BC43E00EA17A3 /* otf */ = {
			isa = PBXGroup;
			children = (
				8402E5E12A0BC44C00EA17A3 /* Ginóra-Sans-Bold.otf */,
			);
			path = otf;
			sourceTree = "<group>";
		};
		8402E5EA2A0BD5DC00EA17A3 /* TableView */ = {
			isa = PBXGroup;
			children = (
				8402E5E62A0BD11700EA17A3 /* HomeScreenTableViewDataSource.swift */,
				8402E5EB2A0BD61E00EA17A3 /* ActionTableViewCell.swift */,
			);
			path = TableView;
			sourceTree = "<group>";
		};
		8402E5EF2A0BE0CF00EA17A3 /* Images */ = {
			isa = PBXGroup;
			children = (
				8402E5F02A0BE0D900EA17A3 /* Images.swift */,
			);
			path = Images;
			sourceTree = "<group>";
		};
		8407A2A12A127CCF000A3EC4 /* SmthWentWrongScreen */ = {
			isa = PBXGroup;
			children = (
				8407A2A62A127D17000A3EC4 /* SmthWentWrongScreenCoordinator.swift */,
				8407A2A22A127CE7000A3EC4 /* SmthWentWrongScreenModel.swift */,
				8407A2A82A127D2A000A3EC4 /* SmthWentWrongScreenViewController.swift */,
				8407A2A42A127D09000A3EC4 /* SmthWentWrongScreenViewModel.swift */,
			);
			path = SmthWentWrongScreen;
			sourceTree = "<group>";
		};
		8407A2AC2A13771F000A3EC4 /* API */ = {
			isa = PBXGroup;
			children = (
				8407A2AD2A137730000A3EC4 /* ApiClient.swift */,
			);
			path = API;
			sourceTree = "<group>";
		};
		8446F38D2A0E849800F32C7F /* QrScreen */ = {
			isa = PBXGroup;
			children = (
				8446F38E2A0E84C500F32C7F /* QrScreenViewModel.swift */,
				8446F3902A0E84EC00F32C7F /* QrScreenModel.swift */,
				8446F3922A0E84FE00F32C7F /* QrScreenCoordinator.swift */,
				8446F3942A0E851300F32C7F /* QrScreenViewController.swift */,
			);
			path = QrScreen;
			sourceTree = "<group>";
		};
		8453A3912A0A7EC100EDB553 = {
			isa = PBXGroup;
			children = (
				8453A39C2A0A7EC100EDB553 /* certificates-ios-client */,
				8453A3B32A0A7EC300EDB553 /* certificates-ios-clientTests */,
				8453A3BD2A0A7EC300EDB553 /* certificates-ios-clientUITests */,
				8453A39B2A0A7EC100EDB553 /* Products */,
				9F67131231567A02BF4854F2 /* Pods */,
				CCD7C160B8DA505415252A2F /* Frameworks */,
			);
			sourceTree = "<group>";
		};
		8453A39B2A0A7EC100EDB553 /* Products */ = {
			isa = PBXGroup;
			children = (
				8453A39A2A0A7EC100EDB553 /* certificates-ios-client.app */,
				8453A3B02A0A7EC300EDB553 /* certificates-ios-clientTests.xctest */,
				8453A3BA2A0A7EC300EDB553 /* certificates-ios-clientUITests.xctest */,
			);
			name = Products;
			sourceTree = "<group>";
		};
		8453A39C2A0A7EC100EDB553 /* certificates-ios-client */ = {
			isa = PBXGroup;
			children = (
				8453A3DD2A0A84BE00EDB553 /* Managers */,
				8453A3D22A0A80B900EDB553 /* Main */,
				8453A3D12A0A80AB00EDB553 /* Resources */,
				8453A3E42A0A967B00EDB553 /* Sources */,
			);
			path = "certificates-ios-client";
			sourceTree = "<group>";
		};
		8453A3B32A0A7EC300EDB553 /* certificates-ios-clientTests */ = {
			isa = PBXGroup;
			children = (
				8453A3B42A0A7EC300EDB553 /* certificates_ios_clientTests.swift */,
			);
			path = "certificates-ios-clientTests";
			sourceTree = "<group>";
		};
		8453A3BD2A0A7EC300EDB553 /* certificates-ios-clientUITests */ = {
			isa = PBXGroup;
			children = (
				8453A3BE2A0A7EC300EDB553 /* certificates_ios_clientUITests.swift */,
				8453A3C02A0A7EC300EDB553 /* certificates_ios_clientUITestsLaunchTests.swift */,
			);
			path = "certificates-ios-clientUITests";
			sourceTree = "<group>";
		};
		8453A3D12A0A80AB00EDB553 /* Resources */ = {
			isa = PBXGroup;
			children = (
				846BC7102A1267110083D844 /* LottieAnimations */,
				8402E5EF2A0BE0CF00EA17A3 /* Images */,
				8453A4042A0BAEEC00EDB553 /* Views */,
				8453A3EC2A0BA2B400EDB553 /* Fonts */,
				8453A3E62A0B9F8D00EDB553 /* Colors */,
				8453A3CD2A0A7F7400EDB553 /* Launch Screen.storyboard */,
				8453A3AB2A0A7EC300EDB553 /* Info.plist */,
				8453A3A62A0A7EC300EDB553 /* Assets.xcassets */,
			);
			path = Resources;
			sourceTree = "<group>";
		};
		8453A3D22A0A80B900EDB553 /* Main */ = {
			isa = PBXGroup;
			children = (
				8453A39D2A0A7EC100EDB553 /* AppDelegate.swift */,
				8453A39F2A0A7EC100EDB553 /* SceneDelegate.swift */,
				8453A3D52A0A812F00EDB553 /* AppCoordinator.swift */,
			);
			path = Main;
			sourceTree = "<group>";
		};
		8453A3D32A0A80E300EDB553 /* Screens */ = {
			isa = PBXGroup;
			children = (
				8407A2A12A127CCF000A3EC4 /* SmthWentWrongScreen */,
				846BC7072A1265330083D844 /* LoaderScreen */,
				8446F38D2A0E849800F32C7F /* QrScreen */,
				8453A3D42A0A810800EDB553 /* HomeScreen */,
			);
			path = Screens;
			sourceTree = "<group>";
		};
		8453A3D42A0A810800EDB553 /* HomeScreen */ = {
			isa = PBXGroup;
			children = (
				8402E5EA2A0BD5DC00EA17A3 /* TableView */,
				8453A3DB2A0A81FA00EDB553 /* HomeScreenCoordinator.swift */,
				8453A3D92A0A81EE00EDB553 /* HomeScreenModel.swift */,
				8453A3A12A0A7EC100EDB553 /* HomeScreenViewController.swift */,
				8453A3D72A0A81E300EDB553 /* HomeScreenViewModel.swift */,
			);
			path = HomeScreen;
			sourceTree = "<group>";
		};
		8453A3DD2A0A84BE00EDB553 /* Managers */ = {
			isa = PBXGroup;
			children = (
				8453A3DE2A0A84CB00EDB553 /* ServiceManager.swift */,
				8407A2AA2A1294BF000A3EC4 /* FindCoordinatorManager .swift */,
			);
			path = Managers;
			sourceTree = "<group>";
		};
		8453A3E42A0A967B00EDB553 /* Sources */ = {
			isa = PBXGroup;
			children = (
				8407A2AC2A13771F000A3EC4 /* API */,
				8453A3E92A0BA0AD00EDB553 /* Extensions */,
				8453A3E52A0A969700EDB553 /* Models */,
				8453A3E02A0A869700EDB553 /* TabBarCoordinator.swift */,
				8453A3E22A0A878200EDB553 /* BaseTabBarController.swift */,
				8453A3D32A0A80E300EDB553 /* Screens */,
			);
			path = Sources;
			sourceTree = "<group>";
		};
		8453A3E52A0A969700EDB553 /* Models */ = {
			isa = PBXGroup;
			children = (
				8453A3CF2A0A801F00EDB553 /* Coordinator.swift */,
				8407A29F2A127A82000A3EC4 /* QrData.swift */,
				8407A2AF2A13CF39000A3EC4 /* Certificate.swift */,
			);
			path = Models;
			sourceTree = "<group>";
		};
		8453A3E62A0B9F8D00EDB553 /* Colors */ = {
			isa = PBXGroup;
			children = (
				8453A3E72A0B9FA600EDB553 /* ApplicationColors.swift */,
			);
			path = Colors;
			sourceTree = "<group>";
		};
		8453A3E92A0BA0AD00EDB553 /* Extensions */ = {
			isa = PBXGroup;
			children = (
				8453A3EA2A0BA0BA00EDB553 /* UIColor+hexString.swift */,
				8402E5ED2A0BD67900EA17A3 /* UITableViewCell + Identifier.swift */,
			);
			path = Extensions;
			sourceTree = "<group>";
		};
		8453A3EC2A0BA2B400EDB553 /* Fonts */ = {
			isa = PBXGroup;
			children = (
				8402E5E02A0BC43E00EA17A3 /* otf */,
				8453A4032A0BAE8A00EDB553 /* ttf */,
				8453A3ED2A0BA2C900EDB553 /* ApplicationFonts.swift */,
			);
			path = Fonts;
			sourceTree = "<group>";
		};
		8453A4032A0BAE8A00EDB553 /* ttf */ = {
			isa = PBXGroup;
			children = (
				8453A3F82A0BAC6D00EDB553 /* Inter-Medium.ttf */,
				8453A3F72A0BAC6C00EDB553 /* Inter-Regular.ttf */,
				8453A3F92A0BAC6D00EDB553 /* Inter-SemiBold.ttf */,
				8453A3F32A0BAAAC00EDB553 /* NTSomic-Regular.ttf */,
				8453A3EF2A0BAA9D00EDB553 /* NTSomic-Medium.ttf */,
			);
			path = ttf;
			sourceTree = "<group>";
		};
		8453A4042A0BAEEC00EDB553 /* Views */ = {
			isa = PBXGroup;
			children = (
				8453A4052A0BB01F00EDB553 /* ConfirmButton.swift */,
			);
			path = Views;
			sourceTree = "<group>";
		};
		846BC7072A1265330083D844 /* LoaderScreen */ = {
			isa = PBXGroup;
			children = (
				846BC7082A12654D0083D844 /* LoaderScreenViewModel.swift */,
				846BC70A2A12655B0083D844 /* LoaderScreenModel.swift */,
				846BC70C2A1265660083D844 /* LoaderScreenCoordinator.swift */,
				846BC70E2A1265730083D844 /* LoaderScreenViewController.swift */,
			);
			path = LoaderScreen;
			sourceTree = "<group>";
		};
		846BC7102A1267110083D844 /* LottieAnimations */ = {
			isa = PBXGroup;
			children = (
				846BC7112A1267450083D844 /* loading_animation.json */,
			);
			path = LottieAnimations;
			sourceTree = "<group>";
		};
		9F67131231567A02BF4854F2 /* Pods */ = {
			isa = PBXGroup;
			children = (
				55396353DC87119EB5D75B77 /* Pods-certificates-ios-client.debug.xcconfig */,
				AA3E425104FF23822C2F2272 /* Pods-certificates-ios-client.release.xcconfig */,
				8FDFCAC83AE5AA3E7C1DBB8C /* Pods-certificates-ios-client-certificates-ios-clientUITests.debug.xcconfig */,
				E1B0D8E9A061AAC9226047C5 /* Pods-certificates-ios-client-certificates-ios-clientUITests.release.xcconfig */,
				9EA08D3549A49B516956FAB3 /* Pods-certificates-ios-clientTests.debug.xcconfig */,
				C185951A8C00C82E97616FD5 /* Pods-certificates-ios-clientTests.release.xcconfig */,
			);
			path = Pods;
			sourceTree = "<group>";
		};
		CCD7C160B8DA505415252A2F /* Frameworks */ = {
			isa = PBXGroup;
			children = (
				98A7F7C23DB654221871803B /* Pods_certificates_ios_client.framework */,
				BE698D0CCDA3BC20013ECB33 /* Pods_certificates_ios_client_certificates_ios_clientUITests.framework */,
				DA722E27E877DA1B7C959B9A /* Pods_certificates_ios_clientTests.framework */,
			);
			name = Frameworks;
			sourceTree = "<group>";
		};
/* End PBXGroup section */

/* Begin PBXNativeTarget section */
		8453A3992A0A7EC100EDB553 /* certificates-ios-client */ = {
			isa = PBXNativeTarget;
			buildConfigurationList = 8453A3C42A0A7EC300EDB553 /* Build configuration list for PBXNativeTarget "certificates-ios-client" */;
			buildPhases = (
				9FBB17848E25BA13595A1A70 /* [CP] Check Pods Manifest.lock */,
				8453A3962A0A7EC100EDB553 /* Sources */,
				8453A3972A0A7EC100EDB553 /* Frameworks */,
				8453A3982A0A7EC100EDB553 /* Resources */,
				A9A9C0F69563D38950DE717F /* [CP] Embed Pods Frameworks */,
			);
			buildRules = (
			);
			dependencies = (
			);
			name = "certificates-ios-client";
			packageProductDependencies = (
				846BC7052A12393A0083D844 /* secp256k1 */,
			);
			productName = "certificates-ios-client";
			productReference = 8453A39A2A0A7EC100EDB553 /* certificates-ios-client.app */;
			productType = "com.apple.product-type.application";
		};
		8453A3AF2A0A7EC300EDB553 /* certificates-ios-clientTests */ = {
			isa = PBXNativeTarget;
			buildConfigurationList = 8453A3C72A0A7EC300EDB553 /* Build configuration list for PBXNativeTarget "certificates-ios-clientTests" */;
			buildPhases = (
				85E2EC939C100F42A2A13BBF /* [CP] Check Pods Manifest.lock */,
				8453A3AC2A0A7EC300EDB553 /* Sources */,
				8453A3AD2A0A7EC300EDB553 /* Frameworks */,
				8453A3AE2A0A7EC300EDB553 /* Resources */,
			);
			buildRules = (
			);
			dependencies = (
				8453A3B22A0A7EC300EDB553 /* PBXTargetDependency */,
			);
			name = "certificates-ios-clientTests";
			productName = "certificates-ios-clientTests";
			productReference = 8453A3B02A0A7EC300EDB553 /* certificates-ios-clientTests.xctest */;
			productType = "com.apple.product-type.bundle.unit-test";
		};
		8453A3B92A0A7EC300EDB553 /* certificates-ios-clientUITests */ = {
			isa = PBXNativeTarget;
			buildConfigurationList = 8453A3CA2A0A7EC300EDB553 /* Build configuration list for PBXNativeTarget "certificates-ios-clientUITests" */;
			buildPhases = (
				0E1C54A4ED375DA867B5DED2 /* [CP] Check Pods Manifest.lock */,
				8453A3B62A0A7EC300EDB553 /* Sources */,
				8453A3B72A0A7EC300EDB553 /* Frameworks */,
				8453A3B82A0A7EC300EDB553 /* Resources */,
				F874390AAD7AD2367DAA66C8 /* [CP] Embed Pods Frameworks */,
			);
			buildRules = (
			);
			dependencies = (
				8453A3BC2A0A7EC300EDB553 /* PBXTargetDependency */,
			);
			name = "certificates-ios-clientUITests";
			productName = "certificates-ios-clientUITests";
			productReference = 8453A3BA2A0A7EC300EDB553 /* certificates-ios-clientUITests.xctest */;
			productType = "com.apple.product-type.bundle.ui-testing";
		};
/* End PBXNativeTarget section */

/* Begin PBXProject section */
		8453A3922A0A7EC100EDB553 /* Project object */ = {
			isa = PBXProject;
			attributes = {
				BuildIndependentTargetsInParallel = 1;
				LastSwiftUpdateCheck = 1420;
				LastUpgradeCheck = 1420;
				TargetAttributes = {
					8453A3992A0A7EC100EDB553 = {
						CreatedOnToolsVersion = 14.2;
					};
					8453A3AF2A0A7EC300EDB553 = {
						CreatedOnToolsVersion = 14.2;
						TestTargetID = 8453A3992A0A7EC100EDB553;
					};
					8453A3B92A0A7EC300EDB553 = {
						CreatedOnToolsVersion = 14.2;
						TestTargetID = 8453A3992A0A7EC100EDB553;
					};
				};
			};
			buildConfigurationList = 8453A3952A0A7EC100EDB553 /* Build configuration list for PBXProject "certificates-ios-client" */;
			compatibilityVersion = "Xcode 14.0";
			developmentRegion = en;
			hasScannedForEncodings = 0;
			knownRegions = (
				en,
				Base,
			);
			mainGroup = 8453A3912A0A7EC100EDB553;
			packageReferences = (
				846BC7042A12393A0083D844 /* XCRemoteSwiftPackageReference "secp256k1.swift" */,
			);
			productRefGroup = 8453A39B2A0A7EC100EDB553 /* Products */;
			projectDirPath = "";
			projectRoot = "";
			targets = (
				8453A3992A0A7EC100EDB553 /* certificates-ios-client */,
				8453A3AF2A0A7EC300EDB553 /* certificates-ios-clientTests */,
				8453A3B92A0A7EC300EDB553 /* certificates-ios-clientUITests */,
			);
		};
/* End PBXProject section */

/* Begin PBXResourcesBuildPhase section */
		8453A3982A0A7EC100EDB553 /* Resources */ = {
			isa = PBXResourcesBuildPhase;
			buildActionMask = 2147483647;
			files = (
				8453A3CE2A0A7F7400EDB553 /* Launch Screen.storyboard in Resources */,
				8453A3FA2A0BAC6D00EDB553 /* Inter-Regular.ttf in Resources */,
				8453A3FD2A0BAC6D00EDB553 /* Inter-Medium.ttf in Resources */,
				8402E5E22A0BC44C00EA17A3 /* Ginóra-Sans-Bold.otf in Resources */,
				8453A3A72A0A7EC300EDB553 /* Assets.xcassets in Resources */,
				846BC7122A1267450083D844 /* loading_animation.json in Resources */,
				8453A3F02A0BAA9D00EDB553 /* NTSomic-Medium.ttf in Resources */,
				8453A3F42A0BAAAC00EDB553 /* NTSomic-Regular.ttf in Resources */,
				8453A4002A0BAC6D00EDB553 /* Inter-SemiBold.ttf in Resources */,
			);
			runOnlyForDeploymentPostprocessing = 0;
		};
		8453A3AE2A0A7EC300EDB553 /* Resources */ = {
			isa = PBXResourcesBuildPhase;
			buildActionMask = 2147483647;
			files = (
				8453A3FE2A0BAC6D00EDB553 /* Inter-Medium.ttf in Resources */,
				8402E5E32A0BC44C00EA17A3 /* Ginóra-Sans-Bold.otf in Resources */,
				8453A3F12A0BAA9D00EDB553 /* NTSomic-Medium.ttf in Resources */,
				8453A3FB2A0BAC6D00EDB553 /* Inter-Regular.ttf in Resources */,
				8453A4012A0BAC6D00EDB553 /* Inter-SemiBold.ttf in Resources */,
				8453A3F52A0BAAAC00EDB553 /* NTSomic-Regular.ttf in Resources */,
			);
			runOnlyForDeploymentPostprocessing = 0;
		};
		8453A3B82A0A7EC300EDB553 /* Resources */ = {
			isa = PBXResourcesBuildPhase;
			buildActionMask = 2147483647;
			files = (
				8453A3FF2A0BAC6D00EDB553 /* Inter-Medium.ttf in Resources */,
				8402E5E42A0BC44C00EA17A3 /* Ginóra-Sans-Bold.otf in Resources */,
				8453A3F22A0BAA9D00EDB553 /* NTSomic-Medium.ttf in Resources */,
				8453A3FC2A0BAC6D00EDB553 /* Inter-Regular.ttf in Resources */,
				8453A4022A0BAC6D00EDB553 /* Inter-SemiBold.ttf in Resources */,
				8453A3F62A0BAAAC00EDB553 /* NTSomic-Regular.ttf in Resources */,
			);
			runOnlyForDeploymentPostprocessing = 0;
		};
/* End PBXResourcesBuildPhase section */

/* Begin PBXShellScriptBuildPhase section */
		0E1C54A4ED375DA867B5DED2 /* [CP] Check Pods Manifest.lock */ = {
			isa = PBXShellScriptBuildPhase;
			buildActionMask = 2147483647;
			files = (
			);
			inputFileListPaths = (
			);
			inputPaths = (
				"${PODS_PODFILE_DIR_PATH}/Podfile.lock",
				"${PODS_ROOT}/Manifest.lock",
			);
			name = "[CP] Check Pods Manifest.lock";
			outputFileListPaths = (
			);
			outputPaths = (
				"$(DERIVED_FILE_DIR)/Pods-certificates-ios-client-certificates-ios-clientUITests-checkManifestLockResult.txt",
			);
			runOnlyForDeploymentPostprocessing = 0;
			shellPath = /bin/sh;
			shellScript = "diff \"${PODS_PODFILE_DIR_PATH}/Podfile.lock\" \"${PODS_ROOT}/Manifest.lock\" > /dev/null\nif [ $? != 0 ] ; then\n    # print error to STDERR\n    echo \"error: The sandbox is not in sync with the Podfile.lock. Run 'pod install' or update your CocoaPods installation.\" >&2\n    exit 1\nfi\n# This output is used by Xcode 'outputs' to avoid re-running this script phase.\necho \"SUCCESS\" > \"${SCRIPT_OUTPUT_FILE_0}\"\n";
			showEnvVarsInLog = 0;
		};
		85E2EC939C100F42A2A13BBF /* [CP] Check Pods Manifest.lock */ = {
			isa = PBXShellScriptBuildPhase;
			buildActionMask = 2147483647;
			files = (
			);
			inputFileListPaths = (
			);
			inputPaths = (
				"${PODS_PODFILE_DIR_PATH}/Podfile.lock",
				"${PODS_ROOT}/Manifest.lock",
			);
			name = "[CP] Check Pods Manifest.lock";
			outputFileListPaths = (
			);
			outputPaths = (
				"$(DERIVED_FILE_DIR)/Pods-certificates-ios-clientTests-checkManifestLockResult.txt",
			);
			runOnlyForDeploymentPostprocessing = 0;
			shellPath = /bin/sh;
			shellScript = "diff \"${PODS_PODFILE_DIR_PATH}/Podfile.lock\" \"${PODS_ROOT}/Manifest.lock\" > /dev/null\nif [ $? != 0 ] ; then\n    # print error to STDERR\n    echo \"error: The sandbox is not in sync with the Podfile.lock. Run 'pod install' or update your CocoaPods installation.\" >&2\n    exit 1\nfi\n# This output is used by Xcode 'outputs' to avoid re-running this script phase.\necho \"SUCCESS\" > \"${SCRIPT_OUTPUT_FILE_0}\"\n";
			showEnvVarsInLog = 0;
		};
		9FBB17848E25BA13595A1A70 /* [CP] Check Pods Manifest.lock */ = {
			isa = PBXShellScriptBuildPhase;
			buildActionMask = 2147483647;
			files = (
			);
			inputFileListPaths = (
			);
			inputPaths = (
				"${PODS_PODFILE_DIR_PATH}/Podfile.lock",
				"${PODS_ROOT}/Manifest.lock",
			);
			name = "[CP] Check Pods Manifest.lock";
			outputFileListPaths = (
			);
			outputPaths = (
				"$(DERIVED_FILE_DIR)/Pods-certificates-ios-client-checkManifestLockResult.txt",
			);
			runOnlyForDeploymentPostprocessing = 0;
			shellPath = /bin/sh;
			shellScript = "diff \"${PODS_PODFILE_DIR_PATH}/Podfile.lock\" \"${PODS_ROOT}/Manifest.lock\" > /dev/null\nif [ $? != 0 ] ; then\n    # print error to STDERR\n    echo \"error: The sandbox is not in sync with the Podfile.lock. Run 'pod install' or update your CocoaPods installation.\" >&2\n    exit 1\nfi\n# This output is used by Xcode 'outputs' to avoid re-running this script phase.\necho \"SUCCESS\" > \"${SCRIPT_OUTPUT_FILE_0}\"\n";
			showEnvVarsInLog = 0;
		};
		A9A9C0F69563D38950DE717F /* [CP] Embed Pods Frameworks */ = {
			isa = PBXShellScriptBuildPhase;
			buildActionMask = 2147483647;
			files = (
			);
			inputFileListPaths = (
				"${PODS_ROOT}/Target Support Files/Pods-certificates-ios-client/Pods-certificates-ios-client-frameworks-${CONFIGURATION}-input-files.xcfilelist",
			);
			name = "[CP] Embed Pods Frameworks";
			outputFileListPaths = (
				"${PODS_ROOT}/Target Support Files/Pods-certificates-ios-client/Pods-certificates-ios-client-frameworks-${CONFIGURATION}-output-files.xcfilelist",
			);
			runOnlyForDeploymentPostprocessing = 0;
			shellPath = /bin/sh;
			shellScript = "\"${PODS_ROOT}/Target Support Files/Pods-certificates-ios-client/Pods-certificates-ios-client-frameworks.sh\"\n";
			showEnvVarsInLog = 0;
		};
		F874390AAD7AD2367DAA66C8 /* [CP] Embed Pods Frameworks */ = {
			isa = PBXShellScriptBuildPhase;
			buildActionMask = 2147483647;
			files = (
			);
			inputFileListPaths = (
				"${PODS_ROOT}/Target Support Files/Pods-certificates-ios-client-certificates-ios-clientUITests/Pods-certificates-ios-client-certificates-ios-clientUITests-frameworks-${CONFIGURATION}-input-files.xcfilelist",
			);
			name = "[CP] Embed Pods Frameworks";
			outputFileListPaths = (
				"${PODS_ROOT}/Target Support Files/Pods-certificates-ios-client-certificates-ios-clientUITests/Pods-certificates-ios-client-certificates-ios-clientUITests-frameworks-${CONFIGURATION}-output-files.xcfilelist",
			);
			runOnlyForDeploymentPostprocessing = 0;
			shellPath = /bin/sh;
			shellScript = "\"${PODS_ROOT}/Target Support Files/Pods-certificates-ios-client-certificates-ios-clientUITests/Pods-certificates-ios-client-certificates-ios-clientUITests-frameworks.sh\"\n";
			showEnvVarsInLog = 0;
		};
/* End PBXShellScriptBuildPhase section */

/* Begin PBXSourcesBuildPhase section */
		8453A3962A0A7EC100EDB553 /* Sources */ = {
			isa = PBXSourcesBuildPhase;
			buildActionMask = 2147483647;
			files = (
				8453A3EE2A0BA2C900EDB553 /* ApplicationFonts.swift in Sources */,
				8453A3E82A0B9FA600EDB553 /* ApplicationColors.swift in Sources */,
				8446F3952A0E851300F32C7F /* QrScreenViewController.swift in Sources */,
				846BC70D2A1265660083D844 /* LoaderScreenCoordinator.swift in Sources */,
				8453A3D02A0A801F00EDB553 /* Coordinator.swift in Sources */,
				8407A2A72A127D17000A3EC4 /* SmthWentWrongScreenCoordinator.swift in Sources */,
				8453A3D82A0A81E300EDB553 /* HomeScreenViewModel.swift in Sources */,
				8453A3A22A0A7EC100EDB553 /* HomeScreenViewController.swift in Sources */,
				8407A2A92A127D2A000A3EC4 /* SmthWentWrongScreenViewController.swift in Sources */,
				8446F3932A0E84FE00F32C7F /* QrScreenCoordinator.swift in Sources */,
				8407A2A02A127A82000A3EC4 /* QrData.swift in Sources */,
				8407A2AB2A1294BF000A3EC4 /* FindCoordinatorManager .swift in Sources */,
				8453A3DC2A0A81FA00EDB553 /* HomeScreenCoordinator.swift in Sources */,
				8446F38F2A0E84C500F32C7F /* QrScreenViewModel.swift in Sources */,
				8402E5E72A0BD11700EA17A3 /* HomeScreenTableViewDataSource.swift in Sources */,
				8453A3DA2A0A81EE00EDB553 /* HomeScreenModel.swift in Sources */,
				8402E5EE2A0BD67900EA17A3 /* UITableViewCell + Identifier.swift in Sources */,
				8453A3DF2A0A84CB00EDB553 /* ServiceManager.swift in Sources */,
				8453A4062A0BB01F00EDB553 /* ConfirmButton.swift in Sources */,
				8402E5F12A0BE0D900EA17A3 /* Images.swift in Sources */,
				8446F3912A0E84EC00F32C7F /* QrScreenModel.swift in Sources */,
				8407A2B02A13CF39000A3EC4 /* Certificate.swift in Sources */,
				8407A2AE2A137730000A3EC4 /* ApiClient.swift in Sources */,
				846BC70F2A1265730083D844 /* LoaderScreenViewController.swift in Sources */,
				8453A3EB2A0BA0BA00EDB553 /* UIColor+hexString.swift in Sources */,
				8407A2A32A127CE7000A3EC4 /* SmthWentWrongScreenModel.swift in Sources */,
				846BC7092A12654D0083D844 /* LoaderScreenViewModel.swift in Sources */,
				8407A2A52A127D09000A3EC4 /* SmthWentWrongScreenViewModel.swift in Sources */,
				846BC70B2A12655B0083D844 /* LoaderScreenModel.swift in Sources */,
				8453A3E32A0A878200EDB553 /* BaseTabBarController.swift in Sources */,
				8453A3D62A0A812F00EDB553 /* AppCoordinator.swift in Sources */,
				8402E5EC2A0BD61E00EA17A3 /* ActionTableViewCell.swift in Sources */,
				8453A39E2A0A7EC100EDB553 /* AppDelegate.swift in Sources */,
				8453A3E12A0A869700EDB553 /* TabBarCoordinator.swift in Sources */,
				8453A3A02A0A7EC100EDB553 /* SceneDelegate.swift in Sources */,
			);
			runOnlyForDeploymentPostprocessing = 0;
		};
		8453A3AC2A0A7EC300EDB553 /* Sources */ = {
			isa = PBXSourcesBuildPhase;
			buildActionMask = 2147483647;
			files = (
				8402E5E82A0BD11700EA17A3 /* HomeScreenTableViewDataSource.swift in Sources */,
				8453A3B52A0A7EC300EDB553 /* certificates_ios_clientTests.swift in Sources */,
			);
			runOnlyForDeploymentPostprocessing = 0;
		};
		8453A3B62A0A7EC300EDB553 /* Sources */ = {
			isa = PBXSourcesBuildPhase;
			buildActionMask = 2147483647;
			files = (
				8402E5E92A0BD11700EA17A3 /* HomeScreenTableViewDataSource.swift in Sources */,
				8453A3BF2A0A7EC300EDB553 /* certificates_ios_clientUITests.swift in Sources */,
				8453A3C12A0A7EC300EDB553 /* certificates_ios_clientUITestsLaunchTests.swift in Sources */,
			);
			runOnlyForDeploymentPostprocessing = 0;
		};
/* End PBXSourcesBuildPhase section */

/* Begin PBXTargetDependency section */
		8453A3B22A0A7EC300EDB553 /* PBXTargetDependency */ = {
			isa = PBXTargetDependency;
			target = 8453A3992A0A7EC100EDB553 /* certificates-ios-client */;
			targetProxy = 8453A3B12A0A7EC300EDB553 /* PBXContainerItemProxy */;
		};
		8453A3BC2A0A7EC300EDB553 /* PBXTargetDependency */ = {
			isa = PBXTargetDependency;
			target = 8453A3992A0A7EC100EDB553 /* certificates-ios-client */;
			targetProxy = 8453A3BB2A0A7EC300EDB553 /* PBXContainerItemProxy */;
		};
/* End PBXTargetDependency section */

/* Begin XCBuildConfiguration section */
		8453A3C22A0A7EC300EDB553 /* Debug */ = {
			isa = XCBuildConfiguration;
			buildSettings = {
				ALWAYS_SEARCH_USER_PATHS = NO;
				CLANG_ANALYZER_NONNULL = YES;
				CLANG_ANALYZER_NUMBER_OBJECT_CONVERSION = YES_AGGRESSIVE;
				CLANG_CXX_LANGUAGE_STANDARD = "gnu++20";
				CLANG_ENABLE_MODULES = YES;
				CLANG_ENABLE_OBJC_ARC = YES;
				CLANG_ENABLE_OBJC_WEAK = YES;
				CLANG_WARN_BLOCK_CAPTURE_AUTORELEASING = YES;
				CLANG_WARN_BOOL_CONVERSION = YES;
				CLANG_WARN_COMMA = YES;
				CLANG_WARN_CONSTANT_CONVERSION = YES;
				CLANG_WARN_DEPRECATED_OBJC_IMPLEMENTATIONS = YES;
				CLANG_WARN_DIRECT_OBJC_ISA_USAGE = YES_ERROR;
				CLANG_WARN_DOCUMENTATION_COMMENTS = YES;
				CLANG_WARN_EMPTY_BODY = YES;
				CLANG_WARN_ENUM_CONVERSION = YES;
				CLANG_WARN_INFINITE_RECURSION = YES;
				CLANG_WARN_INT_CONVERSION = YES;
				CLANG_WARN_NON_LITERAL_NULL_CONVERSION = YES;
				CLANG_WARN_OBJC_IMPLICIT_RETAIN_SELF = YES;
				CLANG_WARN_OBJC_LITERAL_CONVERSION = YES;
				CLANG_WARN_OBJC_ROOT_CLASS = YES_ERROR;
				CLANG_WARN_QUOTED_INCLUDE_IN_FRAMEWORK_HEADER = YES;
				CLANG_WARN_RANGE_LOOP_ANALYSIS = YES;
				CLANG_WARN_STRICT_PROTOTYPES = YES;
				CLANG_WARN_SUSPICIOUS_MOVE = YES;
				CLANG_WARN_UNGUARDED_AVAILABILITY = YES_AGGRESSIVE;
				CLANG_WARN_UNREACHABLE_CODE = YES;
				CLANG_WARN__DUPLICATE_METHOD_MATCH = YES;
				COPY_PHASE_STRIP = NO;
				DEBUG_INFORMATION_FORMAT = dwarf;
				ENABLE_STRICT_OBJC_MSGSEND = YES;
				ENABLE_TESTABILITY = YES;
				GCC_C_LANGUAGE_STANDARD = gnu11;
				GCC_DYNAMIC_NO_PIC = NO;
				GCC_NO_COMMON_BLOCKS = YES;
				GCC_OPTIMIZATION_LEVEL = 0;
				GCC_PREPROCESSOR_DEFINITIONS = (
					"DEBUG=1",
					"$(inherited)",
				);
				GCC_WARN_64_TO_32_BIT_CONVERSION = YES;
				GCC_WARN_ABOUT_RETURN_TYPE = YES_ERROR;
				GCC_WARN_UNDECLARED_SELECTOR = YES;
				GCC_WARN_UNINITIALIZED_AUTOS = YES_AGGRESSIVE;
				GCC_WARN_UNUSED_FUNCTION = YES;
				GCC_WARN_UNUSED_VARIABLE = YES;
				IPHONEOS_DEPLOYMENT_TARGET = 16.2;
				MTL_ENABLE_DEBUG_INFO = INCLUDE_SOURCE;
				MTL_FAST_MATH = YES;
				ONLY_ACTIVE_ARCH = YES;
				SDKROOT = iphoneos;
				SWIFT_ACTIVE_COMPILATION_CONDITIONS = DEBUG;
				SWIFT_OPTIMIZATION_LEVEL = "-Onone";
			};
			name = Debug;
		};
		8453A3C32A0A7EC300EDB553 /* Release */ = {
			isa = XCBuildConfiguration;
			buildSettings = {
				ALWAYS_SEARCH_USER_PATHS = NO;
				CLANG_ANALYZER_NONNULL = YES;
				CLANG_ANALYZER_NUMBER_OBJECT_CONVERSION = YES_AGGRESSIVE;
				CLANG_CXX_LANGUAGE_STANDARD = "gnu++20";
				CLANG_ENABLE_MODULES = YES;
				CLANG_ENABLE_OBJC_ARC = YES;
				CLANG_ENABLE_OBJC_WEAK = YES;
				CLANG_WARN_BLOCK_CAPTURE_AUTORELEASING = YES;
				CLANG_WARN_BOOL_CONVERSION = YES;
				CLANG_WARN_COMMA = YES;
				CLANG_WARN_CONSTANT_CONVERSION = YES;
				CLANG_WARN_DEPRECATED_OBJC_IMPLEMENTATIONS = YES;
				CLANG_WARN_DIRECT_OBJC_ISA_USAGE = YES_ERROR;
				CLANG_WARN_DOCUMENTATION_COMMENTS = YES;
				CLANG_WARN_EMPTY_BODY = YES;
				CLANG_WARN_ENUM_CONVERSION = YES;
				CLANG_WARN_INFINITE_RECURSION = YES;
				CLANG_WARN_INT_CONVERSION = YES;
				CLANG_WARN_NON_LITERAL_NULL_CONVERSION = YES;
				CLANG_WARN_OBJC_IMPLICIT_RETAIN_SELF = YES;
				CLANG_WARN_OBJC_LITERAL_CONVERSION = YES;
				CLANG_WARN_OBJC_ROOT_CLASS = YES_ERROR;
				CLANG_WARN_QUOTED_INCLUDE_IN_FRAMEWORK_HEADER = YES;
				CLANG_WARN_RANGE_LOOP_ANALYSIS = YES;
				CLANG_WARN_STRICT_PROTOTYPES = YES;
				CLANG_WARN_SUSPICIOUS_MOVE = YES;
				CLANG_WARN_UNGUARDED_AVAILABILITY = YES_AGGRESSIVE;
				CLANG_WARN_UNREACHABLE_CODE = YES;
				CLANG_WARN__DUPLICATE_METHOD_MATCH = YES;
				COPY_PHASE_STRIP = NO;
				DEBUG_INFORMATION_FORMAT = "dwarf-with-dsym";
				ENABLE_NS_ASSERTIONS = NO;
				ENABLE_STRICT_OBJC_MSGSEND = YES;
				GCC_C_LANGUAGE_STANDARD = gnu11;
				GCC_NO_COMMON_BLOCKS = YES;
				GCC_WARN_64_TO_32_BIT_CONVERSION = YES;
				GCC_WARN_ABOUT_RETURN_TYPE = YES_ERROR;
				GCC_WARN_UNDECLARED_SELECTOR = YES;
				GCC_WARN_UNINITIALIZED_AUTOS = YES_AGGRESSIVE;
				GCC_WARN_UNUSED_FUNCTION = YES;
				GCC_WARN_UNUSED_VARIABLE = YES;
				IPHONEOS_DEPLOYMENT_TARGET = 16.2;
				MTL_ENABLE_DEBUG_INFO = NO;
				MTL_FAST_MATH = YES;
				SDKROOT = iphoneos;
				SWIFT_COMPILATION_MODE = wholemodule;
				SWIFT_OPTIMIZATION_LEVEL = "-O";
				VALIDATE_PRODUCT = YES;
			};
			name = Release;
		};
		8453A3C52A0A7EC300EDB553 /* Debug */ = {
			isa = XCBuildConfiguration;
			baseConfigurationReference = 55396353DC87119EB5D75B77 /* Pods-certificates-ios-client.debug.xcconfig */;
			buildSettings = {
				ASSETCATALOG_COMPILER_APPICON_NAME = AppIcon;
				ASSETCATALOG_COMPILER_GLOBAL_ACCENT_COLOR_NAME = AccentColor;
				CLANG_OPTIMIZATION_PROFILE_FILE = "";
				CODE_SIGN_STYLE = Automatic;
				CURRENT_PROJECT_VERSION = 1;
				DEVELOPMENT_TEAM = B2FX5YLJ47;
				GENERATE_INFOPLIST_FILE = YES;
				INFOPLIST_FILE = "certificates-ios-client/Resources/Info.plist";
				INFOPLIST_KEY_UIApplicationSupportsIndirectInputEvents = YES;
				INFOPLIST_KEY_UILaunchStoryboardName = LaunchScreen;
				INFOPLIST_KEY_UISupportedInterfaceOrientations_iPad = "UIInterfaceOrientationPortrait UIInterfaceOrientationPortraitUpsideDown UIInterfaceOrientationLandscapeLeft UIInterfaceOrientationLandscapeRight";
				INFOPLIST_KEY_UISupportedInterfaceOrientations_iPhone = "UIInterfaceOrientationPortrait UIInterfaceOrientationLandscapeLeft UIInterfaceOrientationLandscapeRight";
				LD_RUNPATH_SEARCH_PATHS = (
					"$(inherited)",
					"@executable_path/Frameworks",
				);
				MARKETING_VERSION = 1.0;
				PRODUCT_BUNDLE_IDENTIFIER = "Certificates.certificates-ios-client";
				PRODUCT_NAME = "$(TARGET_NAME)";
				SWIFT_EMIT_LOC_STRINGS = YES;
				SWIFT_VERSION = 5.0;
				TARGETED_DEVICE_FAMILY = "1,2";
			};
			name = Debug;
		};
		8453A3C62A0A7EC300EDB553 /* Release */ = {
			isa = XCBuildConfiguration;
			baseConfigurationReference = AA3E425104FF23822C2F2272 /* Pods-certificates-ios-client.release.xcconfig */;
			buildSettings = {
				ASSETCATALOG_COMPILER_APPICON_NAME = AppIcon;
				ASSETCATALOG_COMPILER_GLOBAL_ACCENT_COLOR_NAME = AccentColor;
				CLANG_OPTIMIZATION_PROFILE_FILE = "";
				CODE_SIGN_STYLE = Automatic;
				CURRENT_PROJECT_VERSION = 1;
				DEVELOPMENT_TEAM = B2FX5YLJ47;
				GENERATE_INFOPLIST_FILE = YES;
				INFOPLIST_FILE = "certificates-ios-client/Resources/Info.plist";
				INFOPLIST_KEY_UIApplicationSupportsIndirectInputEvents = YES;
				INFOPLIST_KEY_UILaunchStoryboardName = LaunchScreen;
				INFOPLIST_KEY_UISupportedInterfaceOrientations_iPad = "UIInterfaceOrientationPortrait UIInterfaceOrientationPortraitUpsideDown UIInterfaceOrientationLandscapeLeft UIInterfaceOrientationLandscapeRight";
				INFOPLIST_KEY_UISupportedInterfaceOrientations_iPhone = "UIInterfaceOrientationPortrait UIInterfaceOrientationLandscapeLeft UIInterfaceOrientationLandscapeRight";
				LD_RUNPATH_SEARCH_PATHS = (
					"$(inherited)",
					"@executable_path/Frameworks",
				);
				MARKETING_VERSION = 1.0;
				PRODUCT_BUNDLE_IDENTIFIER = "Certificates.certificates-ios-client";
				PRODUCT_NAME = "$(TARGET_NAME)";
				SWIFT_EMIT_LOC_STRINGS = YES;
				SWIFT_VERSION = 5.0;
				TARGETED_DEVICE_FAMILY = "1,2";
			};
			name = Release;
		};
		8453A3C82A0A7EC300EDB553 /* Debug */ = {
			isa = XCBuildConfiguration;
			baseConfigurationReference = 9EA08D3549A49B516956FAB3 /* Pods-certificates-ios-clientTests.debug.xcconfig */;
			buildSettings = {
				ALWAYS_EMBED_SWIFT_STANDARD_LIBRARIES = YES;
				BUNDLE_LOADER = "$(TEST_HOST)";
				CODE_SIGN_STYLE = Automatic;
				CURRENT_PROJECT_VERSION = 1;
				DEVELOPMENT_TEAM = B2FX5YLJ47;
				GENERATE_INFOPLIST_FILE = YES;
				IPHONEOS_DEPLOYMENT_TARGET = 16.2;
				MARKETING_VERSION = 1.0;
				PRODUCT_BUNDLE_IDENTIFIER = "Certificates.certificates-ios-clientTests";
				PRODUCT_NAME = "$(TARGET_NAME)";
				SWIFT_EMIT_LOC_STRINGS = NO;
				SWIFT_VERSION = 5.0;
				TARGETED_DEVICE_FAMILY = "1,2";
				TEST_HOST = "$(BUILT_PRODUCTS_DIR)/certificates-ios-client.app/$(BUNDLE_EXECUTABLE_FOLDER_PATH)/certificates-ios-client";
			};
			name = Debug;
		};
		8453A3C92A0A7EC300EDB553 /* Release */ = {
			isa = XCBuildConfiguration;
			baseConfigurationReference = C185951A8C00C82E97616FD5 /* Pods-certificates-ios-clientTests.release.xcconfig */;
			buildSettings = {
				ALWAYS_EMBED_SWIFT_STANDARD_LIBRARIES = YES;
				BUNDLE_LOADER = "$(TEST_HOST)";
				CODE_SIGN_STYLE = Automatic;
				CURRENT_PROJECT_VERSION = 1;
				DEVELOPMENT_TEAM = B2FX5YLJ47;
				GENERATE_INFOPLIST_FILE = YES;
				IPHONEOS_DEPLOYMENT_TARGET = 16.2;
				MARKETING_VERSION = 1.0;
				PRODUCT_BUNDLE_IDENTIFIER = "Certificates.certificates-ios-clientTests";
				PRODUCT_NAME = "$(TARGET_NAME)";
				SWIFT_EMIT_LOC_STRINGS = NO;
				SWIFT_VERSION = 5.0;
				TARGETED_DEVICE_FAMILY = "1,2";
				TEST_HOST = "$(BUILT_PRODUCTS_DIR)/certificates-ios-client.app/$(BUNDLE_EXECUTABLE_FOLDER_PATH)/certificates-ios-client";
			};
			name = Release;
		};
		8453A3CB2A0A7EC300EDB553 /* Debug */ = {
			isa = XCBuildConfiguration;
			baseConfigurationReference = 8FDFCAC83AE5AA3E7C1DBB8C /* Pods-certificates-ios-client-certificates-ios-clientUITests.debug.xcconfig */;
			buildSettings = {
				ALWAYS_EMBED_SWIFT_STANDARD_LIBRARIES = YES;
				CODE_SIGN_STYLE = Automatic;
				CURRENT_PROJECT_VERSION = 1;
				DEVELOPMENT_TEAM = B2FX5YLJ47;
				GENERATE_INFOPLIST_FILE = YES;
				MARKETING_VERSION = 1.0;
				PRODUCT_BUNDLE_IDENTIFIER = "Certificates.certificates-ios-clientUITests";
				PRODUCT_NAME = "$(TARGET_NAME)";
				SWIFT_EMIT_LOC_STRINGS = NO;
				SWIFT_VERSION = 5.0;
				TARGETED_DEVICE_FAMILY = "1,2";
				TEST_TARGET_NAME = "certificates-ios-client";
			};
			name = Debug;
		};
		8453A3CC2A0A7EC300EDB553 /* Release */ = {
			isa = XCBuildConfiguration;
			baseConfigurationReference = E1B0D8E9A061AAC9226047C5 /* Pods-certificates-ios-client-certificates-ios-clientUITests.release.xcconfig */;
			buildSettings = {
				ALWAYS_EMBED_SWIFT_STANDARD_LIBRARIES = YES;
				CODE_SIGN_STYLE = Automatic;
				CURRENT_PROJECT_VERSION = 1;
				DEVELOPMENT_TEAM = B2FX5YLJ47;
				GENERATE_INFOPLIST_FILE = YES;
				MARKETING_VERSION = 1.0;
				PRODUCT_BUNDLE_IDENTIFIER = "Certificates.certificates-ios-clientUITests";
				PRODUCT_NAME = "$(TARGET_NAME)";
				SWIFT_EMIT_LOC_STRINGS = NO;
				SWIFT_VERSION = 5.0;
				TARGETED_DEVICE_FAMILY = "1,2";
				TEST_TARGET_NAME = "certificates-ios-client";
			};
			name = Release;
		};
/* End XCBuildConfiguration section */

/* Begin XCConfigurationList section */
		8453A3952A0A7EC100EDB553 /* Build configuration list for PBXProject "certificates-ios-client" */ = {
			isa = XCConfigurationList;
			buildConfigurations = (
				8453A3C22A0A7EC300EDB553 /* Debug */,
				8453A3C32A0A7EC300EDB553 /* Release */,
			);
			defaultConfigurationIsVisible = 0;
			defaultConfigurationName = Release;
		};
		8453A3C42A0A7EC300EDB553 /* Build configuration list for PBXNativeTarget "certificates-ios-client" */ = {
			isa = XCConfigurationList;
			buildConfigurations = (
				8453A3C52A0A7EC300EDB553 /* Debug */,
				8453A3C62A0A7EC300EDB553 /* Release */,
			);
			defaultConfigurationIsVisible = 0;
			defaultConfigurationName = Release;
		};
		8453A3C72A0A7EC300EDB553 /* Build configuration list for PBXNativeTarget "certificates-ios-clientTests" */ = {
			isa = XCConfigurationList;
			buildConfigurations = (
				8453A3C82A0A7EC300EDB553 /* Debug */,
				8453A3C92A0A7EC300EDB553 /* Release */,
			);
			defaultConfigurationIsVisible = 0;
			defaultConfigurationName = Release;
		};
		8453A3CA2A0A7EC300EDB553 /* Build configuration list for PBXNativeTarget "certificates-ios-clientUITests" */ = {
			isa = XCConfigurationList;
			buildConfigurations = (
				8453A3CB2A0A7EC300EDB553 /* Debug */,
				8453A3CC2A0A7EC300EDB553 /* Release */,
			);
			defaultConfigurationIsVisible = 0;
			defaultConfigurationName = Release;
		};
/* End XCConfigurationList section */

/* Begin XCRemoteSwiftPackageReference section */
		846BC7042A12393A0083D844 /* XCRemoteSwiftPackageReference "secp256k1.swift" */ = {
			isa = XCRemoteSwiftPackageReference;
			repositoryURL = "https://github.com/GigaBitcoin/secp256k1.swift.git";
			requirement = {
				kind = versionRange;
				maximumVersion = 1.0.0;
				minimumVersion = 0.11.0;
			};
		};
/* End XCRemoteSwiftPackageReference section */

/* Begin XCSwiftPackageProductDependency section */
		846BC7052A12393A0083D844 /* secp256k1 */ = {
			isa = XCSwiftPackageProductDependency;
			package = 846BC7042A12393A0083D844 /* XCRemoteSwiftPackageReference "secp256k1.swift" */;
			productName = secp256k1;
		};
/* End XCSwiftPackageProductDependency section */
	};
	rootObject = 8453A3922A0A7EC100EDB553 /* Project object */;
}
